# This file was autogenerated by Stack.
# You should not edit this file by hand.
# For more information, please see the documentation at:
#   https://docs.haskellstack.org/en/stable/lock_files

packages:
- completed:
    hackage: snowball-1.0.0.1@sha256:99b46eb27a338567666041e8b45510a2448d97a7ec3d85dd0982aba8b8d49b09,7306
    pantry-tree:
      sha256: 263fe8df2eb451fe9bd2fb9bec23ebff3082767e61f70585f44b6f8b9119e18e
      size: 5992
  original:
    hackage: snowball-1.0.0.1
snapshots:
- completed:
    sha256: 2d580e973dc1a5ff70cd2bb1248613f835829b38eed5db5dafc3615a22cb1bcd
    size: 679292
    url: https://raw.githubusercontent.com/commercialhaskell/stackage-snapshots/master/lts/23/5.yaml
  original:
    url: https://raw.githubusercontent.com/commercialhaskell/stackage-snapshots/master/lts/23/5.yaml
